// !$*UTF8*$!
{
	archiveVersion = 1;
	classes = {
	};
	objectVersion = 56;
	objects = {

/* Begin PBXBuildFile section */
		A1000001 /* GrabbyApp.swift in Sources */ = {isa = PBXBuildFile; fileRef = B1000001; };
		A1000002 /* ContentView.swift in Sources */ = {isa = PBXBuildFile; fileRef = B1000002; };
		A1000003 /* Components.swift in Sources */ = {isa = PBXBuildFile; fileRef = B1000003; };
		A1000004 /* SettingsView.swift in Sources */ = {isa = PBXBuildFile; fileRef = B1000004; };
		A1000005 /* VideoInfo.swift in Sources */ = {isa = PBXBuildFile; fileRef = B1000005; };
		A1000006 /* DownloadJob.swift in Sources */ = {isa = PBXBuildFile; fileRef = B1000006; };
		A1000007 /* HistoryItem.swift in Sources */ = {isa = PBXBuildFile; fileRef = B1000007; };
		A1000008 /* YTDLPService.swift in Sources */ = {isa = PBXBuildFile; fileRef = B1000008; };
		A1000009 /* DownloadManager.swift in Sources */ = {isa = PBXBuildFile; fileRef = B1000009; };
		A1000010 /* HistoryStore.swift in Sources */ = {isa = PBXBuildFile; fileRef = B1000010; };
		A1000011 /* PreferencesStore.swift in Sources */ = {isa = PBXBuildFile; fileRef = B1000011; };
		A1000012 /* yt-dlp in Resources */ = {isa = PBXBuildFile; fileRef = B1000012; };
		A1000013 /* ffmpeg in Resources */ = {isa = PBXBuildFile; fileRef = B1000013; };
		A1000014 /* ffprobe in Resources */ = {isa = PBXBuildFile; fileRef = B1000014; };
/* End PBXBuildFile section */

/* Begin PBXFileReference section */
		B1000001 /* GrabbyApp.swift */ = {isa = PBXFileReference; lastKnownFileType = sourcecode.swift; path = GrabbyApp.swift; sourceTree = "<group>"; };
		B1000002 /* ContentView.swift */ = {isa = PBXFileReference; lastKnownFileType = sourcecode.swift; path = ContentView.swift; sourceTree = "<group>"; };
		B1000003 /* Components.swift */ = {isa = PBXFileReference; lastKnownFileType = sourcecode.swift; path = Components.swift; sourceTree = "<group>"; };
		B1000004 /* SettingsView.swift */ = {isa = PBXFileReference; lastKnownFileType = sourcecode.swift; path = SettingsView.swift; sourceTree = "<group>"; };
		B1000005 /* VideoInfo.swift */ = {isa = PBXFileReference; lastKnownFileType = sourcecode.swift; path = VideoInfo.swift; sourceTree = "<group>"; };
		B1000006 /* DownloadJob.swift */ = {isa = PBXFileReference; lastKnownFileType = sourcecode.swift; path = DownloadJob.swift; sourceTree = "<group>"; };
		B1000007 /* HistoryItem.swift */ = {isa = PBXFileReference; lastKnownFileType = sourcecode.swift; path = HistoryItem.swift; sourceTree = "<group>"; };
		B1000008 /* YTDLPService.swift */ = {isa = PBXFileReference; lastKnownFileType = sourcecode.swift; path = YTDLPService.swift; sourceTree = "<group>"; };
		B1000009 /* DownloadManager.swift */ = {isa = PBXFileReference; lastKnownFileType = sourcecode.swift; path = DownloadManager.swift; sourceTree = "<group>"; };
		B1000010 /* HistoryStore.swift */ = {isa = PBXFileReference; lastKnownFileType = sourcecode.swift; path = HistoryStore.swift; sourceTree = "<group>"; };
		B1000011 /* PreferencesStore.swift */ = {isa = PBXFileReference; lastKnownFileType = sourcecode.swift; path = PreferencesStore.swift; sourceTree = "<group>"; };
		B1000012 /* yt-dlp */ = {isa = PBXFileReference; lastKnownFileType = "compiled.mach-o.executable"; path = "yt-dlp"; sourceTree = "<group>"; };
		B1000013 /* ffmpeg */ = {isa = PBXFileReference; lastKnownFileType = "compiled.mach-o.executable"; path = ffmpeg; sourceTree = "<group>"; };
		B1000014 /* ffprobe */ = {isa = PBXFileReference; lastKnownFileType = "compiled.mach-o.executable"; path = ffprobe; sourceTree = "<group>"; };
		B1000099 /* Grabby.app */ = {isa = PBXFileReference; explicitFileType = wrapper.application; includeInIndex = 0; path = Grabby.app; sourceTree = BUILT_PRODUCTS_DIR; };
/* End PBXFileReference section */

/* Begin PBXFrameworksBuildPhase section */
		F1000001 /* Frameworks */ = {
			isa = PBXFrameworksBuildPhase;
			buildActionMask = 2147483647;
			files = (
			);
			runOnlyForDeploymentPostprocessing = 0;
		};
/* End PBXFrameworksBuildPhase section */

/* Begin PBXGroup section */
		G1000001 = {
			isa = PBXGroup;
			children = (
				G1000002 /* Grabby */,
				G1000099 /* Products */,
			);
			sourceTree = "<group>";
		};
		G1000002 /* Grabby */ = {
			isa = PBXGroup;
			children = (
				B1000001 /* GrabbyApp.swift */,
				G1000003 /* Models */,
				G1000004 /* Views */,
				G1000005 /* Services */,
				G1000006 /* Resources */,
			);
			path = Grabby;
			sourceTree = "<group>";
		};
		G1000003 /* Models */ = {
			isa = PBXGroup;
			children = (
				B1000005 /* VideoInfo.swift */,
				B1000006 /* DownloadJob.swift */,
				B1000007 /* HistoryItem.swift */,
			);
			path = Models;
			sourceTree = "<group>";
		};
		G1000004 /* Views */ = {
			isa = PBXGroup;
			children = (
				B1000002 /* ContentView.swift */,
				B1000003 /* Components.swift */,
				B1000004 /* SettingsView.swift */,
			);
			path = Views;
			sourceTree = "<group>";
		};
		G1000005 /* Services */ = {
			isa = PBXGroup;
			children = (
				B1000008 /* YTDLPService.swift */,
				B1000009 /* DownloadManager.swift */,
				B1000010 /* HistoryStore.swift */,
				B1000011 /* PreferencesStore.swift */,
			);
			path = Services;
			sourceTree = "<group>";
		};
		G1000006 /* Resources */ = {
			isa = PBXGroup;
			children = (
				B1000012 /* yt-dlp */,
				B1000013 /* ffmpeg */,
				B1000014 /* ffprobe */,
			);
			path = Resources;
			sourceTree = "<group>";
		};
		G1000099 /* Products */ = {
			isa = PBXGroup;
			children = (
				B1000099 /* Grabby.app */,
			);
			name = Products;
			sourceTree = "<group>";
		};
/* End PBXGroup section */

/* Begin PBXNativeTarget section */
		T1000001 /* Grabby */ = {
			isa = PBXNativeTarget;
			buildConfigurationList = C1000003;
			buildPhases = (
				S1000001 /* Sources */,
				F1000001 /* Frameworks */,
				R1000001 /* Resources */,
			);
			buildRules = (
			);
			dependencies = (
			);
			name = Grabby;
			productName = Grabby;
			productReference = B1000099 /* Grabby.app */;
			productType = "com.apple.product-type.application";
		};
/* End PBXNativeTarget section */

/* Begin PBXProject section */
		P1000001 /* Project object */ = {
			isa = PBXProject;
			attributes = {
				BuildIndependentTargetsInParallel = 1;
				LastSwiftUpdateCheck = 1540;
				LastUpgradeCheck = 1540;
			};
			buildConfigurationList = C1000001;
			compatibilityVersion = "Xcode 14.0";
			developmentRegion = en;
			hasScannedForEncodings = 0;
			knownRegions = (
				en,
				Base,
			);
			mainGroup = G1000001;
			productRefGroup = G1000099 /* Products */;
			projectDirPath = "";
			projectRoot = "";
			targets = (
				T1000001 /* Grabby */,
			);
		};
/* End PBXProject section */

/* Begin PBXResourcesBuildPhase section */
		R1000001 /* Resources */ = {
			isa = PBXResourcesBuildPhase;
			buildActionMask = 2147483647;
			files = (
				A1000012 /* yt-dlp in Resources */,
				A1000013 /* ffmpeg in Resources */,
				A1000014 /* ffprobe in Resources */,
			);
			runOnlyForDeploymentPostprocessing = 0;
		};
/* End PBXResourcesBuildPhase section */

/* Begin PBXSourcesBuildPhase section */
		S1000001 /* Sources */ = {
			isa = PBXSourcesBuildPhase;
			buildActionMask = 2147483647;
			files = (
				A1000001 /* GrabbyApp.swift in Sources */,
				A1000002 /* ContentView.swift in Sources */,
				A1000003 /* Components.swift in Sources */,
				A1000004 /* SettingsView.swift in Sources */,
				A1000005 /* VideoInfo.swift in Sources */,
				A1000006 /* DownloadJob.swift in Sources */,
				A1000007 /* HistoryItem.swift in Sources */,
				A1000008 /* YTDLPService.swift in Sources */,
				A1000009 /* DownloadManager.swift in Sources */,
				A1000010 /* HistoryStore.swift in Sources */,
				A1000011 /* PreferencesStore.swift in Sources */,
			);
			runOnlyForDeploymentPostprocessing = 0;
		};
/* End PBXSourcesBuildPhase section */

/* Begin XCBuildConfiguration section */
		D1000001 /* Debug */ = {
			isa = XCBuildConfiguration;
			buildSettings = {
				ALWAYS_SEARCH_USER_PATHS = NO;
				CLANG_ENABLE_MODULES = YES;
				CLANG_ENABLE_OBJC_ARC = YES;
				CODE_SIGN_STYLE = Automatic;
				COPY_PHASE_STRIP = NO;
				DEBUG_INFORMATION_FORMAT = dwarf;
				ENABLE_STRICT_OBJC_MSGSEND = YES;
				ENABLE_TESTABILITY = YES;
				GCC_DYNAMIC_NO_PIC = NO;
				GCC_OPTIMIZATION_LEVEL = 0;
				GCC_PREPROCESSOR_DEFINITIONS = (
					"DEBUG=1",
					"$(inherited)",
				);
				MACOSX_DEPLOYMENT_TARGET = 14.0;
				MTL_ENABLE_DEBUG_INFO = INCLUDE_SOURCE;
				ONLY_ACTIVE_ARCH = YES;
				SDKROOT = macosx;
				SWIFT_ACTIVE_COMPILATION_CONDITIONS = DEBUG;
				SWIFT_OPTIMIZATION_LEVEL = "-Onone";
				SWIFT_VERSION = 5.9;
			};
			name = Debug;
		};
		D1000002 /* Release */ = {
			isa = XCBuildConfiguration;
			buildSettings = {
				ALWAYS_SEARCH_USER_PATHS = NO;
				CLANG_ENABLE_MODULES = YES;
				CLANG_ENABLE_OBJC_ARC = YES;
				CODE_SIGN_STYLE = Automatic;
				COPY_PHASE_STRIP = NO;
				DEBUG_INFORMATION_FORMAT = "dwarf-with-dsym";
				ENABLE_NS_ASSERTIONS = NO;
				ENABLE_STRICT_OBJC_MSGSEND = YES;
				GCC_OPTIMIZATION_LEVEL = s;
				MACOSX_DEPLOYMENT_TARGET = 14.0;
				MTL_ENABLE_DEBUG_INFO = NO;
				SDKROOT = macosx;
				SWIFT_COMPILATION_MODE = wholemodule;
				SWIFT_OPTIMIZATION_LEVEL = "-O";
				SWIFT_VERSION = 5.9;
			};
			name = Release;
		};
		D1000003 /* Debug */ = {
			isa = XCBuildConfiguration;
			buildSettings = {
				ASSETCATALOG_COMPILER_APPICON_NAME = AppIcon;
				CODE_SIGN_ENTITLEMENTS = "";
				CODE_SIGN_IDENTITY = "-";
				"CODE_SIGN_IDENTITY[sdk=macosx*]" = "-";
				CODE_SIGN_STYLE = Manual;
				COMBINE_HIDPI_IMAGES = YES;
				CURRENT_PROJECT_VERSION = 1;
				DEVELOPMENT_TEAM = "";
				ENABLE_HARDENED_RUNTIME = YES;
				GENERATE_INFOPLIST_FILE = YES;
				INFOPLIST_KEY_CFBundleDisplayName = Grabby;
				INFOPLIST_KEY_LSApplicationCategoryType = "public.app-category.utilities";
				INFOPLIST_KEY_NSHumanReadableCopyright = "Copyright 2025 Grabby";
				MARKETING_VERSION = 2.0.0;
				PRODUCT_BUNDLE_IDENTIFIER = com.grabby.app;
				PRODUCT_NAME = "$(TARGET_NAME)";
				SWIFT_EMIT_LOC_STRINGS = YES;
				SWIFT_VERSION = 5.9;
			};
			name = Debug;
		};
		D1000004 /* Release */ = {
			isa = XCBuildConfiguration;
			buildSettings = {
				ASSETCATALOG_COMPILER_APPICON_NAME = AppIcon;
				CODE_SIGN_ENTITLEMENTS = "";
				CODE_SIGN_IDENTITY = "-";
				"CODE_SIGN_IDENTITY[sdk=macosx*]" = "-";
				CODE_SIGN_STYLE = Manual;
				COMBINE_HIDPI_IMAGES = YES;
				CURRENT_PROJECT_VERSION = 1;
				DEVELOPMENT_TEAM = "";
				ENABLE_HARDENED_RUNTIME = YES;
				GENERATE_INFOPLIST_FILE = YES;
				INFOPLIST_KEY_CFBundleDisplayName = Grabby;
				INFOPLIST_KEY_LSApplicationCategoryType = "public.app-category.utilities";
				INFOPLIST_KEY_NSHumanReadableCopyright = "Copyright 2025 Grabby";
				MARKETING_VERSION = 2.0.0;
				PRODUCT_BUNDLE_IDENTIFIER = com.grabby.app;
				PRODUCT_NAME = "$(TARGET_NAME)";
				SWIFT_EMIT_LOC_STRINGS = YES;
				SWIFT_VERSION = 5.9;
			};
			name = Release;
		};
/* End XCBuildConfiguration section */

/* Begin XCConfigurationList section */
		C1000001 /* Build configuration list for PBXProject "Grabby" */ = {
			isa = XCConfigurationList;
			buildConfigurations = (
				D1000001 /* Debug */,
				D1000002 /* Release */,
			);
			defaultConfigurationIsVisible = 0;
			defaultConfigurationName = Release;
		};
		C1000003 /* Build configuration list for PBXNativeTarget "Grabby" */ = {
			isa = XCConfigurationList;
			buildConfigurations = (
				D1000003 /* Debug */,
				D1000004 /* Release */,
			);
			defaultConfigurationIsVisible = 0;
			defaultConfigurationName = Release;
		};
/* End XCConfigurationList section */

	};
	rootObject = P1000001 /* Project object */;
}
